
Microsoft Visual Studio Solution File, Format Version 12.00
# Visual Studio Version 16
VisualStudioVersion = 16.0.29920.165
MinimumVisualStudioVersion = 10.0.40219.1
Project("{FAE04EC0-301F-11D3-BF4B-00C04F79EFBC}") = "WebApplication3", "WebApplication3\WebApplication3.csproj", "{BB3D0360-005C-44DB-A8E2-45B76517B0EE}"
EndProject
Global
	GlobalSection(SolutionConfigurationPlatforms) = preSolution
		Debug|Any CPU = Debug|Any CPU
		Release|Any CPU = Release|Any CPU
	EndGlobalSection
	GlobalSection(ProjectConfigurationPlatforms) = postSolution
		{BB3D0360-005C-44DB-A8E2-45B76517B0EE}.Debug|Any CPU.ActiveCfg = Debug|Any CPU
		{BB3D0360-005C-44DB-A8E2-45B76517B0EE}.Debug|Any CPU.Build.0 = Debug|Any CPU
		{BB3D0360-005C-44DB-A8E2-45B76517B0EE}.Release|Any CPU.ActiveCfg = Release|Any CPU
		{BB3D0360-005C-44DB-A8E2-45B76517B0EE}.Release|Any CPU.Build.0 = Release|Any CPU
	EndGlobalSection
	GlobalSection(SolutionProperties) = preSolution
		HideSolutionNode = FALSE
	EndGlobalSection
	GlobalSection(ExtensibilityGlobals) = postSolution
		SolutionGuid = {4C3BA6F2-3C56-4C1C-9553-7E91765673E2}
	EndGlobalSection
EndGlobal
